
Microsoft Visual Studio Solution File, Format Version 12.00
# Visual Studio Version 16
VisualStudioVersion = 16.0.29215.179
MinimumVisualStudioVersion = 10.0.40219.1
Project("{FAE04EC0-301F-11D3-BF4B-00C04F79EFBC}") = "htemurtas", "htemurtas.csproj", "{5B5AE665-46E9-49BA-9D08-C18044D28760}"
EndProject
Global
	GlobalSection(SolutionConfigurationPlatforms) = preSolution
		Debug|Any CPU = Debug|Any CPU
		Release|Any CPU = Release|Any CPU
	EndGlobalSection
	GlobalSection(ProjectConfigurationPlatforms) = postSolution
		{5B5AE665-46E9-49BA-9D08-C18044D28760}.Debug|Any CPU.ActiveCfg = Debug|Any CPU
		{5B5AE665-46E9-49BA-9D08-C18044D28760}.Debug|Any CPU.Build.0 = Debug|Any CPU
		{5B5AE665-46E9-49BA-9D08-C18044D28760}.Release|Any CPU.ActiveCfg = Release|Any CPU
		{5B5AE665-46E9-49BA-9D08-C18044D28760}.Release|Any CPU.Build.0 = Release|Any CPU
	EndGlobalSection
	GlobalSection(SolutionProperties) = preSolution
		HideSolutionNode = FALSE
	EndGlobalSection
	GlobalSection(ExtensibilityGlobals) = postSolution
		SolutionGuid = {08647E50-27EE-4D8A-94EC-2EC6C2D15E59}
	EndGlobalSection
EndGlobal
